%{"hoedown": {:git, "git://github.com/hoedown/hoedown.git", "0610117f44b173a4e2112afb2f510156a32355b5", []},
  "markdown": {:git, "git://github.com/devinus/markdown.git", "0345e2044ba71780ba02b2591f1017703d0fa148", []},
  "obelisk": {:git, "file:///home/benny/projects/obelisk", "ac67bc3e242d43f4902fa0c5cd2b2bef41303c12", []}}
